
Microsoft Visual Studio Solution File, Format Version 12.00
# Visual Studio Version 17
VisualStudioVersion = 17.11.35327.3
MinimumVisualStudioVersion = 10.0.40219.1
Project("{FAE04EC0-301F-11D3-BF4B-00C04F79EFBC}") = "OmegaProject", "OmegaProject\OmegaProject.csproj", "{CA5F0D4E-19C0-4B91-B99F-B256FA4682A8}"
EndProject
Global
	GlobalSection(SolutionConfigurationPlatforms) = preSolution
		Debug|Any CPU = Debug|Any CPU
		Release|Any CPU = Release|Any CPU
	EndGlobalSection
	GlobalSection(ProjectConfigurationPlatforms) = postSolution
		{CA5F0D4E-19C0-4B91-B99F-B256FA4682A8}.Debug|Any CPU.ActiveCfg = Debug|Any CPU
		{CA5F0D4E-19C0-4B91-B99F-B256FA4682A8}.Debug|Any CPU.Build.0 = Debug|Any CPU
		{CA5F0D4E-19C0-4B91-B99F-B256FA4682A8}.Release|Any CPU.ActiveCfg = Release|Any CPU
		{CA5F0D4E-19C0-4B91-B99F-B256FA4682A8}.Release|Any CPU.Build.0 = Release|Any CPU
	EndGlobalSection
	GlobalSection(SolutionProperties) = preSolution
		HideSolutionNode = FALSE
	EndGlobalSection
	GlobalSection(ExtensibilityGlobals) = postSolution
		SolutionGuid = {FCB37274-B1AA-4649-834C-344CF5962C2D}
	EndGlobalSection
EndGlobal
